{
  "version": 4,
  "terraform_version": "1.11.4",
  "serial": 20,
  "lineage": "08623472-b615-481b-d43c-b8900ce76cb1",
  "outputs": {},
  "resources": [
    {
      "mode": "data",
      "type": "archive_file",
      "name": "main_lambda_archive_file",
      "provider": "provider[\"registry.terraform.io/hashicorp/archive\"]",
      "instances": [
        {
          "schema_version": 0,
          "attributes": {
            "exclude_symlink_directories": null,
            "excludes": null,
            "id": "6e0778016fc4a924de07e65269305e5bdb3252e8",
            "output_base64sha256": "D6Qn4wYwFxNNHG6u2r8LXb36iy6v5fi41m0DJPhtM6Q=",
            "output_base64sha512": "14xwrhFETj552o6xMBRFGDNfKcAkHfKtz6A9gj+TQwByuloRJoL4Ig/vnJ+c6+SS/SJzxJRbHB63H0vVA6B5mg==",
            "output_file_mode": null,
            "output_md5": "02692f7d5a4756c7ff705bf343223f1d",
            "output_path": "./lugeasy_lambda_source_file.zip",
            "output_sha": "6e0778016fc4a924de07e65269305e5bdb3252e8",
            "output_sha256": "0fa427e3063017134d1c6eaedabf0b5dbdfa8b2eafe5f8b8d66d0324f86d33a4",
            "output_sha512": "d78c70ae11444e3e79da8eb130144518335f29c0241df2adcfa03d823f93430072ba5a112682f8220fef9c9f9cebe492fd2273c4945b1c1eb71f4bd503a0799a",
            "output_size": 7048,
            "source": [],
            "source_content": null,
            "source_content_filename": null,
            "source_dir": "./../src",
            "source_file": null,
            "type": "zip"
          },
          "sensitive_attributes": []
        }
      ]
    },
    {
      "mode": "managed",
      "type": "aws_api_gateway_deployment",
      "name": "root",
      "provider": "provider[\"registry.terraform.io/hashicorp/aws\"]",
      "instances": [
        {
          "schema_version": 0,
          "attributes": {
            "canary_settings": [],
            "created_date": "2025-04-27T07:36:28Z",
            "description": "",
            "execution_arn": "arn:aws:execute-api:ap-northeast-1:448522292146:6o6xjpicp1/",
            "id": "85uhbt",
            "invoke_url": "https://6o6xjpicp1.execute-api.ap-northeast-1.amazonaws.com/",
            "rest_api_id": "6o6xjpicp1",
            "stage_description": null,
            "stage_name": null,
            "triggers": {
              "redeployment": "38810d35dbf1c27e08051c6dc697280b97523a4e"
            },
            "variables": null
          },
          "sensitive_attributes": [],
          "private": "bnVsbA==",
          "dependencies": [
            "aws_api_gateway_integration.get_root_integration",
            "aws_api_gateway_method.get_root",
            "aws_api_gateway_resource.root_resource",
            "aws_api_gateway_rest_api.root",
            "aws_iam_role.main_lambda",
            "aws_lambda_function.main_handler",
            "aws_s3_bucket.lugeasy_main_lambda_source_s3",
            "aws_s3_object.main_lambda_source_file",
            "data.archive_file.main_lambda_archive_file",
            "null_resource.force_zip_regen"
          ],
          "create_before_destroy": true
        }
      ]
    },
    {
      "mode": "managed",
      "type": "aws_api_gateway_integration",
      "name": "get_root_integration",
      "provider": "provider[\"registry.terraform.io/hashicorp/aws\"]",
      "instances": [
        {
          "schema_version": 0,
          "attributes": {
            "cache_key_parameters": null,
            "cache_namespace": "ro0l1y",
            "connection_id": "",
            "connection_type": "INTERNET",
            "content_handling": "",
            "credentials": "",
            "http_method": "GET",
            "id": "agi-6o6xjpicp1-ro0l1y-GET",
            "integration_http_method": "POST",
            "passthrough_behavior": "WHEN_NO_MATCH",
            "request_parameters": null,
            "request_templates": null,
            "resource_id": "ro0l1y",
            "rest_api_id": "6o6xjpicp1",
            "timeout_milliseconds": 29000,
            "tls_config": [],
            "type": "AWS_PROXY",
            "uri": "arn:aws:apigateway:ap-northeast-1:lambda:path/2015-03-31/functions/arn:aws:lambda:ap-northeast-1:448522292146:function:main_handler/invocations"
          },
          "sensitive_attributes": [],
          "private": "bnVsbA==",
          "dependencies": [
            "aws_api_gateway_method.get_root",
            "aws_api_gateway_resource.root_resource",
            "aws_api_gateway_rest_api.root",
            "aws_iam_role.main_lambda",
            "aws_lambda_function.main_handler",
            "aws_s3_bucket.lugeasy_main_lambda_source_s3",
            "aws_s3_object.main_lambda_source_file",
            "data.archive_file.main_lambda_archive_file",
            "null_resource.force_zip_regen"
          ],
          "create_before_destroy": true
        }
      ]
    },
    {
      "mode": "managed",
      "type": "aws_api_gateway_method",
      "name": "get_root",
      "provider": "provider[\"registry.terraform.io/hashicorp/aws\"]",
      "instances": [
        {
          "schema_version": 0,
          "attributes": {
            "api_key_required": false,
            "authorization": "NONE",
            "authorization_scopes": null,
            "authorizer_id": null,
            "http_method": "GET",
            "id": "agm-6o6xjpicp1-ro0l1y-GET",
            "operation_name": null,
            "request_models": null,
            "request_parameters": null,
            "request_validator_id": null,
            "resource_id": "ro0l1y",
            "rest_api_id": "6o6xjpicp1"
          },
          "sensitive_attributes": [],
          "private": "bnVsbA==",
          "dependencies": [
            "aws_api_gateway_resource.root_resource",
            "aws_api_gateway_rest_api.root"
          ],
          "create_before_destroy": true
        }
      ]
    },
    {
      "mode": "managed",
      "type": "aws_api_gateway_resource",
      "name": "root_resource",
      "provider": "provider[\"registry.terraform.io/hashicorp/aws\"]",
      "instances": [
        {
          "schema_version": 0,
          "attributes": {
            "id": "ro0l1y",
            "parent_id": "dap7jt9lz9",
            "path": "/api",
            "path_part": "api",
            "rest_api_id": "6o6xjpicp1"
          },
          "sensitive_attributes": [],
          "private": "bnVsbA==",
          "dependencies": [
            "aws_api_gateway_rest_api.root"
          ],
          "create_before_destroy": true
        }
      ]
    },
    {
      "mode": "managed",
      "type": "aws_api_gateway_rest_api",
      "name": "root",
      "provider": "provider[\"registry.terraform.io/hashicorp/aws\"]",
      "instances": [
        {
          "schema_version": 0,
          "attributes": {
            "api_key_source": "HEADER",
            "arn": "arn:aws:apigateway:ap-northeast-1::/restapis/6o6xjpicp1",
            "binary_media_types": [],
            "body": null,
            "created_date": "2025-04-27T07:36:13Z",
            "description": "API Gateway for root",
            "disable_execute_api_endpoint": false,
            "endpoint_configuration": [
              {
                "ip_address_type": "ipv4",
                "types": [
                  "EDGE"
                ],
                "vpc_endpoint_ids": []
              }
            ],
            "execution_arn": "arn:aws:execute-api:ap-northeast-1:448522292146:6o6xjpicp1",
            "fail_on_warnings": null,
            "id": "6o6xjpicp1",
            "minimum_compression_size": "",
            "name": "RootAPI",
            "parameters": null,
            "policy": "",
            "put_rest_api_mode": null,
            "root_resource_id": "dap7jt9lz9",
            "tags": null,
            "tags_all": {}
          },
          "sensitive_attributes": [],
          "private": "bnVsbA==",
          "create_before_destroy": true
        }
      ]
    },
    {
      "mode": "managed",
      "type": "aws_api_gateway_stage",
      "name": "dev",
      "provider": "provider[\"registry.terraform.io/hashicorp/aws\"]",
      "instances": [
        {
          "schema_version": 0,
          "attributes": {
            "access_log_settings": [],
            "arn": "arn:aws:apigateway:ap-northeast-1::/restapis/6o6xjpicp1/stages/dev",
            "cache_cluster_enabled": false,
            "cache_cluster_size": "",
            "canary_settings": [],
            "client_certificate_id": "",
            "deployment_id": "85uhbt",
            "description": "",
            "documentation_version": "",
            "execution_arn": "arn:aws:execute-api:ap-northeast-1:448522292146:6o6xjpicp1/dev",
            "id": "ags-6o6xjpicp1-dev",
            "invoke_url": "https://6o6xjpicp1.execute-api.ap-northeast-1.amazonaws.com/dev",
            "rest_api_id": "6o6xjpicp1",
            "stage_name": "dev",
            "tags": null,
            "tags_all": {},
            "variables": null,
            "web_acl_arn": "",
            "xray_tracing_enabled": false
          },
          "sensitive_attributes": [],
          "private": "bnVsbA==",
          "dependencies": [
            "aws_api_gateway_deployment.root",
            "aws_api_gateway_integration.get_root_integration",
            "aws_api_gateway_method.get_root",
            "aws_api_gateway_resource.root_resource",
            "aws_api_gateway_rest_api.root",
            "aws_iam_role.main_lambda",
            "aws_lambda_function.main_handler",
            "aws_s3_bucket.lugeasy_main_lambda_source_s3",
            "aws_s3_object.main_lambda_source_file",
            "data.archive_file.main_lambda_archive_file",
            "null_resource.force_zip_regen"
          ]
        }
      ]
    },
    {
      "mode": "managed",
      "type": "aws_dynamodb_table",
      "name": "users",
      "provider": "provider[\"registry.terraform.io/hashicorp/aws\"]",
      "instances": [
        {
          "schema_version": 1,
          "attributes": {
            "arn": "arn:aws:dynamodb:ap-northeast-1:448522292146:table/Users",
            "attribute": [
              {
                "name": "id",
                "type": "S"
              },
              {
                "name": "name",
                "type": "S"
              }
            ],
            "billing_mode": "PAY_PER_REQUEST",
            "deletion_protection_enabled": false,
            "global_secondary_index": [],
            "hash_key": "id",
            "id": "Users",
            "import_table": [],
            "local_secondary_index": [],
            "name": "Users",
            "on_demand_throughput": [],
            "point_in_time_recovery": [
              {
                "enabled": false
              }
            ],
            "range_key": "name",
            "read_capacity": 0,
            "replica": [],
            "restore_date_time": null,
            "restore_source_name": null,
            "restore_source_table_arn": null,
            "restore_to_latest_time": null,
            "server_side_encryption": [],
            "stream_arn": "",
            "stream_enabled": false,
            "stream_label": "",
            "stream_view_type": "",
            "table_class": "STANDARD",
            "tags": {
              "Environment": "production",
              "Name": "UsersTable"
            },
            "tags_all": {
              "Environment": "production",
              "Name": "UsersTable"
            },
            "timeouts": null,
            "ttl": [
              {
                "attribute_name": "",
                "enabled": false
              }
            ],
            "write_capacity": 0
          },
          "sensitive_attributes": [],
          "private": "eyJlMmJmYjczMC1lY2FhLTExZTYtOGY4OC0zNDM2M2JjN2M0YzAiOnsiY3JlYXRlIjoxODAwMDAwMDAwMDAwLCJkZWxldGUiOjYwMDAwMDAwMDAwMCwidXBkYXRlIjozNjAwMDAwMDAwMDAwfSwic2NoZW1hX3ZlcnNpb24iOiIxIn0="
        }
      ]
    },
    {
      "mode": "managed",
      "type": "aws_iam_policy",
      "name": "main_lambda_dynamodb",
      "provider": "provider[\"registry.terraform.io/hashicorp/aws\"]",
      "instances": [
        {
          "schema_version": 0,
          "attributes": {
            "arn": "arn:aws:iam::448522292146:policy/main_lambda_dynamodb_policy",
            "attachment_count": 0,
            "description": "",
            "id": "arn:aws:iam::448522292146:policy/main_lambda_dynamodb_policy",
            "name": "main_lambda_dynamodb_policy",
            "name_prefix": "",
            "path": "/",
            "policy": "{\"Statement\":[{\"Action\":[\"dynamodb:PutItem\",\"dynamodb:GetItem\"],\"Effect\":\"Allow\",\"Resource\":\"arn:aws:dynamodb:ap-northeast-1:448522292146:table/Users\"}],\"Version\":\"2012-10-17\"}",
            "policy_id": "ANPAWQ3QDBOZGW6PXHWRE",
            "tags": null,
            "tags_all": {}
          },
          "sensitive_attributes": [],
          "private": "bnVsbA==",
          "dependencies": [
            "aws_dynamodb_table.users"
          ]
        }
      ]
    },
    {
      "mode": "managed",
      "type": "aws_iam_policy",
      "name": "main_lambda_logging",
      "provider": "provider[\"registry.terraform.io/hashicorp/aws\"]",
      "instances": [
        {
          "schema_version": 0,
          "attributes": {
            "arn": "arn:aws:iam::448522292146:policy/main_lambda_logging_policy",
            "attachment_count": 0,
            "description": "",
            "id": "arn:aws:iam::448522292146:policy/main_lambda_logging_policy",
            "name": "main_lambda_logging_policy",
            "name_prefix": "",
            "path": "/",
            "policy": "{\"Statement\":[{\"Action\":[\"logs:CreateLogGroup\",\"logs:CreateLogStream\",\"logs:PutLogEvents\"],\"Effect\":\"Allow\",\"Resource\":\"*\"}],\"Version\":\"2012-10-17\"}",
            "policy_id": "ANPAWQ3QDBOZKCOUA4O43",
            "tags": null,
            "tags_all": {}
          },
          "sensitive_attributes": [],
          "private": "bnVsbA=="
        }
      ]
    },
    {
      "mode": "managed",
      "type": "aws_iam_role",
      "name": "main_lambda",
      "provider": "provider[\"registry.terraform.io/hashicorp/aws\"]",
      "instances": [
        {
          "schema_version": 0,
          "attributes": {
            "arn": "arn:aws:iam::448522292146:role/main_lambda_iam_role",
            "assume_role_policy": "{\"Statement\":[{\"Action\":\"sts:AssumeRole\",\"Effect\":\"Allow\",\"Principal\":{\"Service\":\"lambda.amazonaws.com\"}}],\"Version\":\"2012-10-17\"}",
            "create_date": "2025-04-27T07:36:13Z",
            "description": "",
            "force_detach_policies": false,
            "id": "main_lambda_iam_role",
            "inline_policy": [],
            "managed_policy_arns": [],
            "max_session_duration": 3600,
            "name": "main_lambda_iam_role",
            "name_prefix": "",
            "path": "/",
            "permissions_boundary": "",
            "tags": null,
            "tags_all": {},
            "unique_id": "AROAWQ3QDBOZKUJNMLPQ3"
          },
          "sensitive_attributes": [],
          "private": "bnVsbA==",
          "create_before_destroy": true
        }
      ]
    },
    {
      "mode": "managed",
      "type": "aws_iam_role_policy_attachment",
      "name": "main_lambda_dynamodb",
      "provider": "provider[\"registry.terraform.io/hashicorp/aws\"]",
      "instances": [
        {
          "schema_version": 0,
          "attributes": {
            "id": "main_lambda_iam_role-20250427073622190200000002",
            "policy_arn": "arn:aws:iam::448522292146:policy/main_lambda_dynamodb_policy",
            "role": "main_lambda_iam_role"
          },
          "sensitive_attributes": [],
          "private": "bnVsbA==",
          "dependencies": [
            "aws_dynamodb_table.users",
            "aws_iam_policy.main_lambda_dynamodb",
            "aws_iam_role.main_lambda"
          ]
        }
      ]
    },
    {
      "mode": "managed",
      "type": "aws_iam_role_policy_attachment",
      "name": "main_lambda_logging_attach",
      "provider": "provider[\"registry.terraform.io/hashicorp/aws\"]",
      "instances": [
        {
          "schema_version": 0,
          "attributes": {
            "id": "main_lambda_iam_role-20250427073614495500000001",
            "policy_arn": "arn:aws:iam::448522292146:policy/main_lambda_logging_policy",
            "role": "main_lambda_iam_role"
          },
          "sensitive_attributes": [],
          "private": "bnVsbA==",
          "dependencies": [
            "aws_iam_policy.main_lambda_logging",
            "aws_iam_role.main_lambda"
          ]
        }
      ]
    },
    {
      "mode": "managed",
      "type": "aws_lambda_function",
      "name": "main_handler",
      "provider": "provider[\"registry.terraform.io/hashicorp/aws\"]",
      "instances": [
        {
          "schema_version": 0,
          "attributes": {
            "architectures": [
              "x86_64"
            ],
            "arn": "arn:aws:lambda:ap-northeast-1:448522292146:function:main_handler",
            "code_sha256": "D6Qn4wYwFxNNHG6u2r8LXb36iy6v5fi41m0DJPhtM6Q=",
            "code_signing_config_arn": "",
            "dead_letter_config": [],
            "description": "",
            "environment": [],
            "ephemeral_storage": [
              {
                "size": 512
              }
            ],
            "file_system_config": [],
            "filename": null,
            "function_name": "main_handler",
            "handler": "main_handler.main_handler",
            "id": "main_handler",
            "image_config": [],
            "image_uri": "",
            "invoke_arn": "arn:aws:apigateway:ap-northeast-1:lambda:path/2015-03-31/functions/arn:aws:lambda:ap-northeast-1:448522292146:function:main_handler/invocations",
            "kms_key_arn": "",
            "last_modified": "2025-04-27T07:36:21.800+0000",
            "layers": null,
            "logging_config": [
              {
                "application_log_level": "",
                "log_format": "Text",
                "log_group": "/aws/lambda/main_handler",
                "system_log_level": ""
              }
            ],
            "memory_size": 128,
            "package_type": "Zip",
            "publish": true,
            "qualified_arn": "arn:aws:lambda:ap-northeast-1:448522292146:function:main_handler:1",
            "qualified_invoke_arn": "arn:aws:apigateway:ap-northeast-1:lambda:path/2015-03-31/functions/arn:aws:lambda:ap-northeast-1:448522292146:function:main_handler:1/invocations",
            "replace_security_groups_on_destroy": null,
            "replacement_security_group_ids": null,
            "reserved_concurrent_executions": -1,
            "role": "arn:aws:iam::448522292146:role/main_lambda_iam_role",
            "runtime": "python3.10",
            "s3_bucket": "lugeasy-main-lambda-source-s3",
            "s3_key": "lugeasy_lambda_source_file.zip",
            "s3_object_version": "",
            "signing_job_arn": "",
            "signing_profile_version_arn": "",
            "skip_destroy": false,
            "snap_start": [],
            "source_code_hash": "D6Qn4wYwFxNNHG6u2r8LXb36iy6v5fi41m0DJPhtM6Q=",
            "source_code_size": 7048,
            "tags": null,
            "tags_all": {},
            "timeout": 10,
            "timeouts": null,
            "tracing_config": [
              {
                "mode": "PassThrough"
              }
            ],
            "version": "1",
            "vpc_config": []
          },
          "sensitive_attributes": [],
          "private": "eyJlMmJmYjczMC1lY2FhLTExZTYtOGY4OC0zNDM2M2JjN2M0YzAiOnsiY3JlYXRlIjo2MDAwMDAwMDAwMDAsImRlbGV0ZSI6NjAwMDAwMDAwMDAwLCJ1cGRhdGUiOjYwMDAwMDAwMDAwMH19",
          "dependencies": [
            "aws_iam_role.main_lambda",
            "aws_s3_bucket.lugeasy_main_lambda_source_s3",
            "aws_s3_object.main_lambda_source_file",
            "data.archive_file.main_lambda_archive_file",
            "null_resource.force_zip_regen"
          ],
          "create_before_destroy": true
        }
      ]
    },
    {
      "mode": "managed",
      "type": "aws_lambda_permission",
      "name": "api_gateway_main_handler",
      "provider": "provider[\"registry.terraform.io/hashicorp/aws\"]",
      "instances": [
        {
          "schema_version": 0,
          "attributes": {
            "action": "lambda:InvokeFunction",
            "event_source_token": null,
            "function_name": "main_handler",
            "function_url_auth_type": null,
            "id": "AllowAPIGatewayInvoke",
            "principal": "apigateway.amazonaws.com",
            "principal_org_id": null,
            "qualifier": "",
            "source_account": null,
            "source_arn": "arn:aws:execute-api:ap-northeast-1:448522292146:6o6xjpicp1/*/*",
            "statement_id": "AllowAPIGatewayInvoke",
            "statement_id_prefix": ""
          },
          "sensitive_attributes": [],
          "private": "bnVsbA==",
          "dependencies": [
            "aws_api_gateway_rest_api.root",
            "aws_iam_role.main_lambda",
            "aws_lambda_function.main_handler",
            "aws_s3_bucket.lugeasy_main_lambda_source_s3",
            "aws_s3_object.main_lambda_source_file",
            "data.archive_file.main_lambda_archive_file",
            "null_resource.force_zip_regen"
          ]
        }
      ]
    },
    {
      "mode": "managed",
      "type": "aws_s3_bucket",
      "name": "lugeasy_main_lambda_source_s3",
      "provider": "provider[\"registry.terraform.io/hashicorp/aws\"]",
      "instances": [
        {
          "schema_version": 0,
          "attributes": {
            "acceleration_status": "",
            "acl": null,
            "arn": "arn:aws:s3:::lugeasy-main-lambda-source-s3",
            "bucket": "lugeasy-main-lambda-source-s3",
            "bucket_domain_name": "lugeasy-main-lambda-source-s3.s3.amazonaws.com",
            "bucket_prefix": "",
            "bucket_regional_domain_name": "lugeasy-main-lambda-source-s3.s3.ap-northeast-1.amazonaws.com",
            "cors_rule": [],
            "force_destroy": false,
            "grant": [
              {
                "id": "9d31bb01b1faba2fd151f95b533f2be6120c7e39c0f12fd6d5ad0a0cbec81a35",
                "permissions": [
                  "FULL_CONTROL"
                ],
                "type": "CanonicalUser",
                "uri": ""
              }
            ],
            "hosted_zone_id": "Z2M4EHUR26P7ZW",
            "id": "lugeasy-main-lambda-source-s3",
            "lifecycle_rule": [],
            "logging": [],
            "object_lock_configuration": [],
            "object_lock_enabled": false,
            "policy": "",
            "region": "ap-northeast-1",
            "replication_configuration": [],
            "request_payer": "BucketOwner",
            "server_side_encryption_configuration": [
              {
                "rule": [
                  {
                    "apply_server_side_encryption_by_default": [
                      {
                        "kms_master_key_id": "",
                        "sse_algorithm": "AES256"
                      }
                    ],
                    "bucket_key_enabled": false
                  }
                ]
              }
            ],
            "tags": {
              "Environment": "dev",
              "Name": "lugeasy-main-lambda-source-s3"
            },
            "tags_all": {
              "Environment": "dev",
              "Name": "lugeasy-main-lambda-source-s3"
            },
            "timeouts": null,
            "versioning": [
              {
                "enabled": false,
                "mfa_delete": false
              }
            ],
            "website": [],
            "website_domain": null,
            "website_endpoint": null
          },
          "sensitive_attributes": [],
          "private": "eyJlMmJmYjczMC1lY2FhLTExZTYtOGY4OC0zNDM2M2JjN2M0YzAiOnsiY3JlYXRlIjoxMjAwMDAwMDAwMDAwLCJkZWxldGUiOjM2MDAwMDAwMDAwMDAsInJlYWQiOjEyMDAwMDAwMDAwMDAsInVwZGF0ZSI6MTIwMDAwMDAwMDAwMH19",
          "create_before_destroy": true
        }
      ]
    },
    {
      "mode": "managed",
      "type": "aws_s3_bucket",
      "name": "lugeasy_terraform_state_s3",
      "provider": "provider[\"registry.terraform.io/hashicorp/aws\"]",
      "instances": [
        {
          "schema_version": 0,
          "attributes": {
            "acceleration_status": "",
            "acl": null,
            "arn": "arn:aws:s3:::lugeasy-terraform-state-s3",
            "bucket": "lugeasy-terraform-state-s3",
            "bucket_domain_name": "lugeasy-terraform-state-s3.s3.amazonaws.com",
            "bucket_prefix": "",
            "bucket_regional_domain_name": "lugeasy-terraform-state-s3.s3.ap-northeast-1.amazonaws.com",
            "cors_rule": [],
            "force_destroy": false,
            "grant": [
              {
                "id": "9d31bb01b1faba2fd151f95b533f2be6120c7e39c0f12fd6d5ad0a0cbec81a35",
                "permissions": [
                  "FULL_CONTROL"
                ],
                "type": "CanonicalUser",
                "uri": ""
              }
            ],
            "hosted_zone_id": "Z2M4EHUR26P7ZW",
            "id": "lugeasy-terraform-state-s3",
            "lifecycle_rule": [],
            "logging": [],
            "object_lock_configuration": [],
            "object_lock_enabled": false,
            "policy": "",
            "region": "ap-northeast-1",
            "replication_configuration": [],
            "request_payer": "BucketOwner",
            "server_side_encryption_configuration": [
              {
                "rule": [
                  {
                    "apply_server_side_encryption_by_default": [
                      {
                        "kms_master_key_id": "",
                        "sse_algorithm": "AES256"
                      }
                    ],
                    "bucket_key_enabled": false
                  }
                ]
              }
            ],
            "tags": {
              "Environment": "dev",
              "Name": "lugeasy-terraform-state-s3"
            },
            "tags_all": {
              "Environment": "dev",
              "Name": "lugeasy-terraform-state-s3"
            },
            "timeouts": null,
            "versioning": [
              {
                "enabled": false,
                "mfa_delete": false
              }
            ],
            "website": [],
            "website_domain": null,
            "website_endpoint": null
          },
          "sensitive_attributes": [],
          "private": "eyJlMmJmYjczMC1lY2FhLTExZTYtOGY4OC0zNDM2M2JjN2M0YzAiOnsiY3JlYXRlIjoxMjAwMDAwMDAwMDAwLCJkZWxldGUiOjM2MDAwMDAwMDAwMDAsInJlYWQiOjEyMDAwMDAwMDAwMDAsInVwZGF0ZSI6MTIwMDAwMDAwMDAwMH19"
        }
      ]
    },
    {
      "mode": "managed",
      "type": "aws_s3_object",
      "name": "main_lambda_source_file",
      "provider": "provider[\"registry.terraform.io/hashicorp/aws\"]",
      "instances": [
        {
          "schema_version": 0,
          "attributes": {
            "acl": null,
            "arn": "arn:aws:s3:::lugeasy-main-lambda-source-s3/lugeasy_lambda_source_file.zip",
            "bucket": "lugeasy-main-lambda-source-s3",
            "bucket_key_enabled": false,
            "cache_control": "",
            "checksum_algorithm": null,
            "checksum_crc32": "",
            "checksum_crc32c": "",
            "checksum_crc64nvme": "",
            "checksum_sha1": "",
            "checksum_sha256": "",
            "content": null,
            "content_base64": null,
            "content_disposition": "",
            "content_encoding": "",
            "content_language": "",
            "content_type": "application/octet-stream",
            "etag": "02692f7d5a4756c7ff705bf343223f1d",
            "force_destroy": false,
            "id": "lugeasy_lambda_source_file.zip",
            "key": "lugeasy_lambda_source_file.zip",
            "kms_key_id": null,
            "metadata": null,
            "object_lock_legal_hold_status": "",
            "object_lock_mode": "",
            "object_lock_retain_until_date": "",
            "override_provider": [],
            "server_side_encryption": "AES256",
            "source": "./lugeasy_lambda_source_file.zip",
            "source_hash": null,
            "storage_class": "STANDARD",
            "tags": null,
            "tags_all": {},
            "version_id": "",
            "website_redirect": ""
          },
          "sensitive_attributes": [],
          "private": "bnVsbA==",
          "dependencies": [
            "aws_s3_bucket.lugeasy_main_lambda_source_s3",
            "data.archive_file.main_lambda_archive_file",
            "null_resource.force_zip_regen"
          ],
          "create_before_destroy": true
        }
      ]
    },
    {
      "mode": "managed",
      "type": "null_resource",
      "name": "force_zip_regen",
      "provider": "provider[\"registry.terraform.io/hashicorp/null\"]",
      "instances": [
        {
          "schema_version": 0,
          "attributes": {
            "id": "8024358863019536942",
            "triggers": {
              "force_update": "2025-04-27T07:36:11Z"
            }
          },
          "sensitive_attributes": [],
          "create_before_destroy": true
        }
      ]
    }
  ],
  "check_results": null
}
